
Microsoft Visual Studio Solution File, Format Version 12.00
# Visual Studio Version 17
VisualStudioVersion = 17.7.34018.315
MinimumVisualStudioVersion = 10.0.40219.1
Project("{FAE04EC0-301F-11D3-BF4B-00C04F79EFBC}") = "Calculadora", "Calculadora\Calculadora.csproj", "{E967894C-6824-4B95-A562-C9400A86BA73}"
EndProject
Global
	GlobalSection(SolutionConfigurationPlatforms) = preSolution
		Debug|Any CPU = Debug|Any CPU
		Release|Any CPU = Release|Any CPU
	EndGlobalSection
	GlobalSection(ProjectConfigurationPlatforms) = postSolution
		{E967894C-6824-4B95-A562-C9400A86BA73}.Debug|Any CPU.ActiveCfg = Debug|Any CPU
		{E967894C-6824-4B95-A562-C9400A86BA73}.Debug|Any CPU.Build.0 = Debug|Any CPU
		{E967894C-6824-4B95-A562-C9400A86BA73}.Release|Any CPU.ActiveCfg = Release|Any CPU
		{E967894C-6824-4B95-A562-C9400A86BA73}.Release|Any CPU.Build.0 = Release|Any CPU
	EndGlobalSection
	GlobalSection(SolutionProperties) = preSolution
		HideSolutionNode = FALSE
	EndGlobalSection
	GlobalSection(ExtensibilityGlobals) = postSolution
		SolutionGuid = {00E8CD06-E99A-4671-AA51-0DDC76993B15}
	EndGlobalSection
EndGlobal
